
Microsoft Visual Studio Solution File, Format Version 12.00
# Visual Studio Version 17
VisualStudioVersion = 17.1.32328.378
MinimumVisualStudioVersion = 10.0.40219.1
Project("{FAE04EC0-301F-11D3-BF4B-00C04F79EFBC}") = "OnceLeetCodePerDay", "OnceLeetCodePerDay.csproj", "{6EDECC78-423E-4A2E-82BA-E35B1CDFB15B}"
EndProject
Global
	GlobalSection(SolutionConfigurationPlatforms) = preSolution
		Debug|Any CPU = Debug|Any CPU
		Release|Any CPU = Release|Any CPU
	EndGlobalSection
	GlobalSection(ProjectConfigurationPlatforms) = postSolution
		{6EDECC78-423E-4A2E-82BA-E35B1CDFB15B}.Debug|Any CPU.ActiveCfg = Debug|Any CPU
		{6EDECC78-423E-4A2E-82BA-E35B1CDFB15B}.Debug|Any CPU.Build.0 = Debug|Any CPU
		{6EDECC78-423E-4A2E-82BA-E35B1CDFB15B}.Release|Any CPU.ActiveCfg = Release|Any CPU
		{6EDECC78-423E-4A2E-82BA-E35B1CDFB15B}.Release|Any CPU.Build.0 = Release|Any CPU
	EndGlobalSection
	GlobalSection(SolutionProperties) = preSolution
		HideSolutionNode = FALSE
	EndGlobalSection
	GlobalSection(ExtensibilityGlobals) = postSolution
		SolutionGuid = {968EC919-4E25-4344-8471-6EBFFA64600A}
	EndGlobalSection
EndGlobal
